
Microsoft Visual Studio Solution File, Format Version 12.00
# Visual Studio Version 16
VisualStudioVersion = 16.0.28606.126
MinimumVisualStudioVersion = 10.0.40219.1
Project("{9A19103F-16F7-4668-BE54-9A1E7A4F7556}") = "PortProxy", "PortProxy\PortProxy.csproj", "{0355EA10-9F6B-41DD-9E60-09D7557C82C3}"
EndProject
Project("{FAE04EC0-301F-11D3-BF4B-00C04F79EFBC}") = "PortProxy.WinService", "PortProxy.WinService\PortProxy.WinService.csproj", "{F307F4A0-A29B-4A96-B0A8-7CE6DAD476C1}"
EndProject
Project("{9A19103F-16F7-4668-BE54-9A1E7A4F7556}") = "PortProxy.Core", "PortProxy.Core\PortProxy.Core.csproj", "{0581DFFD-6029-4139-B833-9F41156F07D6}"
EndProject
Global
	GlobalSection(SolutionConfigurationPlatforms) = preSolution
		Debug|Any CPU = Debug|Any CPU
		Release|Any CPU = Release|Any CPU
	EndGlobalSection
	GlobalSection(ProjectConfigurationPlatforms) = postSolution
		{0355EA10-9F6B-41DD-9E60-09D7557C82C3}.Debug|Any CPU.ActiveCfg = Debug|Any CPU
		{0355EA10-9F6B-41DD-9E60-09D7557C82C3}.Debug|Any CPU.Build.0 = Debug|Any CPU
		{0355EA10-9F6B-41DD-9E60-09D7557C82C3}.Release|Any CPU.ActiveCfg = Release|Any CPU
		{0355EA10-9F6B-41DD-9E60-09D7557C82C3}.Release|Any CPU.Build.0 = Release|Any CPU
		{F307F4A0-A29B-4A96-B0A8-7CE6DAD476C1}.Debug|Any CPU.ActiveCfg = Debug|Any CPU
		{F307F4A0-A29B-4A96-B0A8-7CE6DAD476C1}.Debug|Any CPU.Build.0 = Debug|Any CPU
		{F307F4A0-A29B-4A96-B0A8-7CE6DAD476C1}.Release|Any CPU.ActiveCfg = Release|Any CPU
		{F307F4A0-A29B-4A96-B0A8-7CE6DAD476C1}.Release|Any CPU.Build.0 = Release|Any CPU
		{0581DFFD-6029-4139-B833-9F41156F07D6}.Debug|Any CPU.ActiveCfg = Debug|Any CPU
		{0581DFFD-6029-4139-B833-9F41156F07D6}.Debug|Any CPU.Build.0 = Debug|Any CPU
		{0581DFFD-6029-4139-B833-9F41156F07D6}.Release|Any CPU.ActiveCfg = Release|Any CPU
		{0581DFFD-6029-4139-B833-9F41156F07D6}.Release|Any CPU.Build.0 = Release|Any CPU
	EndGlobalSection
	GlobalSection(SolutionProperties) = preSolution
		HideSolutionNode = FALSE
	EndGlobalSection
	GlobalSection(ExtensibilityGlobals) = postSolution
		SolutionGuid = {98CEEFAD-AA1B-4EC1-AFAF-2D6834EA42F7}
	EndGlobalSection
EndGlobal
